
Microsoft Visual Studio Solution File, Format Version 12.00
# Visual Studio Version 17
VisualStudioVersion = 17.0.31919.166
MinimumVisualStudioVersion = 10.0.40219.1
Project("{FAE04EC0-301F-11D3-BF4B-00C04F79EFBC}") = "ZadaciVjezba", "ZadaciVjezba\ZadaciVjezba.csproj", "{EBB8BAE6-1F6B-4C47-B787-3F5A21CCA9B9}"
EndProject
Global
	GlobalSection(SolutionConfigurationPlatforms) = preSolution
		Debug|Any CPU = Debug|Any CPU
		Release|Any CPU = Release|Any CPU
	EndGlobalSection
	GlobalSection(ProjectConfigurationPlatforms) = postSolution
		{EBB8BAE6-1F6B-4C47-B787-3F5A21CCA9B9}.Debug|Any CPU.ActiveCfg = Debug|Any CPU
		{EBB8BAE6-1F6B-4C47-B787-3F5A21CCA9B9}.Debug|Any CPU.Build.0 = Debug|Any CPU
		{EBB8BAE6-1F6B-4C47-B787-3F5A21CCA9B9}.Release|Any CPU.ActiveCfg = Release|Any CPU
		{EBB8BAE6-1F6B-4C47-B787-3F5A21CCA9B9}.Release|Any CPU.Build.0 = Release|Any CPU
	EndGlobalSection
	GlobalSection(SolutionProperties) = preSolution
		HideSolutionNode = FALSE
	EndGlobalSection
	GlobalSection(ExtensibilityGlobals) = postSolution
		SolutionGuid = {6C565C3E-765B-464B-B792-92B97F366237}
	EndGlobalSection
EndGlobal
